{
  "originHash" : "dc51a23f003d904943f25ca8a74f256dc3fac01844b0def5ffb60d93d0c88ab3",
  "pins" : [
    {
      "identity" : "sqlitevec",
      "kind" : "remoteSourceControl",
      "location" : "https://github.com/jkrukowski/SQLiteVec",
      "state" : {
        "revision" : "1504246d0900db950a5065f43fce964bf4adceda",
        "version" : "0.0.14"
      }
    },
    {
      "identity" : "swift-async-algorithms",
      "kind" : "remoteSourceControl",
      "location" : "https://github.com/apple/swift-async-algorithms",
      "state" : {
        "revision" : "3da39bbc4e687d4192af7c9cf4eab805745a0b9c",
        "version" : "1.1.5"
      }
    },
    {
      "identity" : "swift-collections",
      "kind" : "remoteSourceControl",
      "location" : "https://github.com/apple/swift-collections",
      "state" : {
        "revision" : "a0cb0954ecb21e4e31b0070e6ed5674e8556685a",
        "version" : "1.6.0"
      }
    },
    {
      "identity" : "swift-log",
      "kind" : "remoteSourceControl",
      "location" : "https://github.com/apple/swift-log",
      "state" : {
        "revision" : "a878e7f8f46cfc0e1125e565b5c08e7d5272dc9a",
        "version" : "1.14.0"
      }
    }
  ],
  "version" : 3
}
